
Microsoft Visual Studio Solution File, Format Version 12.00
# Visual Studio 15
VisualStudioVersion = 15.0.27703.2026
MinimumVisualStudioVersion = 10.0.40219.1
Project("{9A19103F-16F7-4668-BE54-9A1E7A4F7556}") = "EQLWebAPI", "EQLWebAPI\EQLWebAPI.csproj", "{8A6086D7-B8AF-4EF4-BB6C-206DA2B52F1C}"
EndProject
Project("{9A19103F-16F7-4668-BE54-9A1E7A4F7556}") = "DataRepository", "DataRepository\DataRepository.csproj", "{77E0C070-4A05-4C20-8D70-DC7CB1C0E2D6}"
EndProject
Project("{9A19103F-16F7-4668-BE54-9A1E7A4F7556}") = "MySQLDataRepository", "MySQLDataRepository\MySQLDataRepository.csproj", "{A12794DA-BA9F-43BB-9A0D-6AC5B4180C7C}"
EndProject
Project("{FAE04EC0-301F-11D3-BF4B-00C04F79EFBC}") = "ChlaDataRepository", "ChlaDataRepository\ChlaDataRepository.csproj", "{BD178206-E859-4D17-BC1A-7BB8A072FD82}"
EndProject
Global
	GlobalSection(SolutionConfigurationPlatforms) = preSolution
		Debug|Any CPU = Debug|Any CPU
		Release|Any CPU = Release|Any CPU
	EndGlobalSection
	GlobalSection(ProjectConfigurationPlatforms) = postSolution
		{8A6086D7-B8AF-4EF4-BB6C-206DA2B52F1C}.Debug|Any CPU.ActiveCfg = Debug|Any CPU
		{8A6086D7-B8AF-4EF4-BB6C-206DA2B52F1C}.Debug|Any CPU.Build.0 = Debug|Any CPU
		{8A6086D7-B8AF-4EF4-BB6C-206DA2B52F1C}.Release|Any CPU.ActiveCfg = Release|Any CPU
		{8A6086D7-B8AF-4EF4-BB6C-206DA2B52F1C}.Release|Any CPU.Build.0 = Release|Any CPU
		{77E0C070-4A05-4C20-8D70-DC7CB1C0E2D6}.Debug|Any CPU.ActiveCfg = Debug|Any CPU
		{77E0C070-4A05-4C20-8D70-DC7CB1C0E2D6}.Debug|Any CPU.Build.0 = Debug|Any CPU
		{77E0C070-4A05-4C20-8D70-DC7CB1C0E2D6}.Release|Any CPU.ActiveCfg = Release|Any CPU
		{77E0C070-4A05-4C20-8D70-DC7CB1C0E2D6}.Release|Any CPU.Build.0 = Release|Any CPU
		{A12794DA-BA9F-43BB-9A0D-6AC5B4180C7C}.Debug|Any CPU.ActiveCfg = Debug|Any CPU
		{A12794DA-BA9F-43BB-9A0D-6AC5B4180C7C}.Debug|Any CPU.Build.0 = Debug|Any CPU
		{A12794DA-BA9F-43BB-9A0D-6AC5B4180C7C}.Release|Any CPU.ActiveCfg = Release|Any CPU
		{A12794DA-BA9F-43BB-9A0D-6AC5B4180C7C}.Release|Any CPU.Build.0 = Release|Any CPU
		{BD178206-E859-4D17-BC1A-7BB8A072FD82}.Debug|Any CPU.ActiveCfg = Debug|Any CPU
		{BD178206-E859-4D17-BC1A-7BB8A072FD82}.Debug|Any CPU.Build.0 = Debug|Any CPU
		{BD178206-E859-4D17-BC1A-7BB8A072FD82}.Release|Any CPU.ActiveCfg = Release|Any CPU
		{BD178206-E859-4D17-BC1A-7BB8A072FD82}.Release|Any CPU.Build.0 = Release|Any CPU
	EndGlobalSection
	GlobalSection(SolutionProperties) = preSolution
		HideSolutionNode = FALSE
	EndGlobalSection
	GlobalSection(ExtensibilityGlobals) = postSolution
		SolutionGuid = {41730ABD-26C7-4806-B908-99BF21B041CB}
	EndGlobalSection
EndGlobal
